
Microsoft Visual Studio Solution File, Format Version 12.00
# Visual Studio Version 17
VisualStudioVersion = 17.10.35013.160
MinimumVisualStudioVersion = 10.0.40219.1
Project("{FAE04EC0-301F-11D3-BF4B-00C04F79EFBC}") = "OOP_AbstractClasses", "OOP_AbstractClasses\OOP_AbstractClasses.csproj", "{AFA25FC1-D94B-41FB-8840-75FF2871029A}"
EndProject
Global
	GlobalSection(SolutionConfigurationPlatforms) = preSolution
		Debug|Any CPU = Debug|Any CPU
		Release|Any CPU = Release|Any CPU
	EndGlobalSection
	GlobalSection(ProjectConfigurationPlatforms) = postSolution
		{AFA25FC1-D94B-41FB-8840-75FF2871029A}.Debug|Any CPU.ActiveCfg = Debug|Any CPU
		{AFA25FC1-D94B-41FB-8840-75FF2871029A}.Debug|Any CPU.Build.0 = Debug|Any CPU
		{AFA25FC1-D94B-41FB-8840-75FF2871029A}.Release|Any CPU.ActiveCfg = Release|Any CPU
		{AFA25FC1-D94B-41FB-8840-75FF2871029A}.Release|Any CPU.Build.0 = Release|Any CPU
	EndGlobalSection
	GlobalSection(SolutionProperties) = preSolution
		HideSolutionNode = FALSE
	EndGlobalSection
	GlobalSection(ExtensibilityGlobals) = postSolution
		SolutionGuid = {7D4F7324-D0F1-438D-8D1A-89BE612C0731}
	EndGlobalSection
EndGlobal
